// !$*UTF8*$!
{
	archiveVersion = 1;
	classes = {
	};
	objectVersion = 46;
	objects = {

/* Begin PBXBuildFile section */
		1EA6997119C5556700211613 /* ARView.m in Sources */ = {isa = PBXBuildFile; fileRef = 1EA6997019C5556700211613 /* ARView.m */; };
		1EA6997219C5556700211613 /* ARView.m in Sources */ = {isa = PBXBuildFile; fileRef = 1EA6997019C5556700211613 /* ARView.m */; };
		1EBB4E5819C4529600525E10 /* OrientationSolver.m in Sources */ = {isa = PBXBuildFile; fileRef = 1EBB4E5719C4529600525E10 /* OrientationSolver.m */; };
		1EBB4E5919C4529600525E10 /* OrientationSolver.m in Sources */ = {isa = PBXBuildFile; fileRef = 1EBB4E5719C4529600525E10 /* OrientationSolver.m */; };
		C6CF63316FDE43BA8BE0FED7 /* libPods.a in Frameworks */ = {isa = PBXBuildFile; fileRef = 627B2F2DE1614089B4E06221 /* libPods.a */; };
		FD62AC6A19C5503F00550721 /* EntranceViewController.m in Sources */ = {isa = PBXBuildFile; fileRef = FD62AC6919C5503F00550721 /* EntranceViewController.m */; };
		FDA0DCE019C417290041B3F7 /* main.m in Sources */ = {isa = PBXBuildFile; fileRef = FDA0DCDF19C417290041B3F7 /* main.m */; };
		FDA0DCE319C417290041B3F7 /* AppDelegate.m in Sources */ = {isa = PBXBuildFile; fileRef = FDA0DCE219C417290041B3F7 /* AppDelegate.m */; };
		FDA0DCE619C417290041B3F7 /* BoardViewController.m in Sources */ = {isa = PBXBuildFile; fileRef = FDA0DCE519C417290041B3F7 /* BoardViewController.m */; };
		FDA0DCE919C417290041B3F7 /* Main.storyboard in Resources */ = {isa = PBXBuildFile; fileRef = FDA0DCE719C417290041B3F7 /* Main.storyboard */; };
		FDA0DCEB19C417290041B3F7 /* Images.xcassets in Resources */ = {isa = PBXBuildFile; fileRef = FDA0DCEA19C417290041B3F7 /* Images.xcassets */; };
		FDA0DCEE19C417290041B3F7 /* LaunchScreen.xib in Resources */ = {isa = PBXBuildFile; fileRef = FDA0DCEC19C417290041B3F7 /* LaunchScreen.xib */; };
		FDA0DCFA19C4172A0041B3F7 /* presentimoteTests.m in Sources */ = {isa = PBXBuildFile; fileRef = FDA0DCF919C4172A0041B3F7 /* presentimoteTests.m */; };
		FDC549E919C42263009A7E11 /* ScratchPadLineView.m in Sources */ = {isa = PBXBuildFile; fileRef = FDC549E819C42263009A7E11 /* ScratchPadLineView.m */; };
		FDC549EC19C42F5D009A7E11 /* ScratchPadView.m in Sources */ = {isa = PBXBuildFile; fileRef = FDC549EB19C42F5D009A7E11 /* ScratchPadView.m */; };
		FDC549F619C43AF1009A7E11 /* conversion.m in Sources */ = {isa = PBXBuildFile; fileRef = FDC549F519C43AF1009A7E11 /* conversion.m */; };
/* End PBXBuildFile section */

/* Begin PBXContainerItemProxy section */
		FDA0DCF419C417290041B3F7 /* PBXContainerItemProxy */ = {
			isa = PBXContainerItemProxy;
			containerPortal = FDA0DCD219C417290041B3F7 /* Project object */;
			proxyType = 1;
			remoteGlobalIDString = FDA0DCD919C417290041B3F7;
			remoteInfo = presentimote;
		};
/* End PBXContainerItemProxy section */

/* Begin PBXFileReference section */
		1EA6996F19C5556700211613 /* ARView.h */ = {isa = PBXFileReference; fileEncoding = 4; lastKnownFileType = sourcecode.c.h; path = ARView.h; sourceTree = "<group>"; };
		1EA6997019C5556700211613 /* ARView.m */ = {isa = PBXFileReference; fileEncoding = 4; lastKnownFileType = sourcecode.c.objc; path = ARView.m; sourceTree = "<group>"; };
		1EBB4E5619C4529600525E10 /* OrientationSolver.h */ = {isa = PBXFileReference; fileEncoding = 4; lastKnownFileType = sourcecode.c.h; path = OrientationSolver.h; sourceTree = "<group>"; };
		1EBB4E5719C4529600525E10 /* OrientationSolver.m */ = {isa = PBXFileReference; fileEncoding = 4; lastKnownFileType = sourcecode.c.objc; path = OrientationSolver.m; sourceTree = "<group>"; };
		627B2F2DE1614089B4E06221 /* libPods.a */ = {isa = PBXFileReference; explicitFileType = archive.ar; includeInIndex = 0; path = libPods.a; sourceTree = BUILT_PRODUCTS_DIR; };
		686BF1F17B23469B9DBFD905 /* Pods.xcconfig */ = {isa = PBXFileReference; includeInIndex = 1; lastKnownFileType = text.xcconfig; name = Pods.xcconfig; path = Pods/Pods.xcconfig; sourceTree = "<group>"; };
		FD26E69719C4A2D100844C28 /* global_header.h */ = {isa = PBXFileReference; lastKnownFileType = sourcecode.c.h; path = global_header.h; sourceTree = "<group>"; };
		FD62AC6819C5503F00550721 /* EntranceViewController.h */ = {isa = PBXFileReference; fileEncoding = 4; lastKnownFileType = sourcecode.c.h; path = EntranceViewController.h; sourceTree = "<group>"; };
		FD62AC6919C5503F00550721 /* EntranceViewController.m */ = {isa = PBXFileReference; fileEncoding = 4; lastKnownFileType = sourcecode.c.objc; path = EntranceViewController.m; sourceTree = "<group>"; };
		FDA0DCDA19C417290041B3F7 /* presentimote.app */ = {isa = PBXFileReference; explicitFileType = wrapper.application; includeInIndex = 0; path = presentimote.app; sourceTree = BUILT_PRODUCTS_DIR; };
		FDA0DCDE19C417290041B3F7 /* Info.plist */ = {isa = PBXFileReference; lastKnownFileType = text.plist.xml; path = Info.plist; sourceTree = "<group>"; };
		FDA0DCDF19C417290041B3F7 /* main.m */ = {isa = PBXFileReference; lastKnownFileType = sourcecode.c.objc; path = main.m; sourceTree = "<group>"; };
		FDA0DCE119C417290041B3F7 /* AppDelegate.h */ = {isa = PBXFileReference; lastKnownFileType = sourcecode.c.h; path = AppDelegate.h; sourceTree = "<group>"; };
		FDA0DCE219C417290041B3F7 /* AppDelegate.m */ = {isa = PBXFileReference; lastKnownFileType = sourcecode.c.objc; path = AppDelegate.m; sourceTree = "<group>"; };
		FDA0DCE419C417290041B3F7 /* BoardViewController.h */ = {isa = PBXFileReference; lastKnownFileType = sourcecode.c.h; path = BoardViewController.h; sourceTree = "<group>"; };
		FDA0DCE519C417290041B3F7 /* BoardViewController.m */ = {isa = PBXFileReference; lastKnownFileType = sourcecode.c.objc; path = BoardViewController.m; sourceTree = "<group>"; };
		FDA0DCE819C417290041B3F7 /* Base */ = {isa = PBXFileReference; lastKnownFileType = file.storyboard; name = Base; path = Base.lproj/Main.storyboard; sourceTree = "<group>"; };
		FDA0DCEA19C417290041B3F7 /* Images.xcassets */ = {isa = PBXFileReference; lastKnownFileType = folder.assetcatalog; path = Images.xcassets; sourceTree = "<group>"; };
		FDA0DCED19C417290041B3F7 /* Base */ = {isa = PBXFileReference; lastKnownFileType = file.xib; name = Base; path = Base.lproj/LaunchScreen.xib; sourceTree = "<group>"; };
		FDA0DCF319C417290041B3F7 /* presentimoteTests.xctest */ = {isa = PBXFileReference; explicitFileType = wrapper.cfbundle; includeInIndex = 0; path = presentimoteTests.xctest; sourceTree = BUILT_PRODUCTS_DIR; };
		FDA0DCF819C4172A0041B3F7 /* Info.plist */ = {isa = PBXFileReference; lastKnownFileType = text.plist.xml; path = Info.plist; sourceTree = "<group>"; };
		FDA0DCF919C4172A0041B3F7 /* presentimoteTests.m */ = {isa = PBXFileReference; lastKnownFileType = sourcecode.c.objc; path = presentimoteTests.m; sourceTree = "<group>"; };
		FDC549E719C42263009A7E11 /* ScratchPadLineView.h */ = {isa = PBXFileReference; fileEncoding = 4; lastKnownFileType = sourcecode.c.h; path = ScratchPadLineView.h; sourceTree = "<group>"; };
		FDC549E819C42263009A7E11 /* ScratchPadLineView.m */ = {isa = PBXFileReference; fileEncoding = 4; lastKnownFileType = sourcecode.c.objc; path = ScratchPadLineView.m; sourceTree = "<group>"; };
		FDC549EA19C42F5D009A7E11 /* ScratchPadView.h */ = {isa = PBXFileReference; fileEncoding = 4; lastKnownFileType = sourcecode.c.h; path = ScratchPadView.h; sourceTree = "<group>"; };
		FDC549EB19C42F5D009A7E11 /* ScratchPadView.m */ = {isa = PBXFileReference; fileEncoding = 4; lastKnownFileType = sourcecode.c.objc; path = ScratchPadView.m; sourceTree = "<group>"; };
		FDC549F419C43AF1009A7E11 /* conversion.h */ = {isa = PBXFileReference; fileEncoding = 4; lastKnownFileType = sourcecode.c.h; path = conversion.h; sourceTree = "<group>"; };
		FDC549F519C43AF1009A7E11 /* conversion.m */ = {isa = PBXFileReference; fileEncoding = 4; lastKnownFileType = sourcecode.c.objc; path = conversion.m; sourceTree = "<group>"; };
/* End PBXFileReference section */

/* Begin PBXFrameworksBuildPhase section */
		FDA0DCD719C417290041B3F7 /* Frameworks */ = {
			isa = PBXFrameworksBuildPhase;
			buildActionMask = 2147483647;
			files = (
				C6CF63316FDE43BA8BE0FED7 /* libPods.a in Frameworks */,
			);
			runOnlyForDeploymentPostprocessing = 0;
		};
		FDA0DCF019C417290041B3F7 /* Frameworks */ = {
			isa = PBXFrameworksBuildPhase;
			buildActionMask = 2147483647;
			files = (
			);
			runOnlyForDeploymentPostprocessing = 0;
		};
/* End PBXFrameworksBuildPhase section */

/* Begin PBXGroup section */
		1D70043817CA4F0798AC7A33 /* Frameworks */ = {
			isa = PBXGroup;
			children = (
				627B2F2DE1614089B4E06221 /* libPods.a */,
			);
			name = Frameworks;
			sourceTree = "<group>";
		};
		FDA0DCD119C417290041B3F7 = {
			isa = PBXGroup;
			children = (
				FDA0DCDC19C417290041B3F7 /* presentimote */,
				FDA0DCF619C417290041B3F7 /* presentimoteTests */,
				FDA0DCDB19C417290041B3F7 /* Products */,
				686BF1F17B23469B9DBFD905 /* Pods.xcconfig */,
				1D70043817CA4F0798AC7A33 /* Frameworks */,
			);
			sourceTree = "<group>";
		};
		FDA0DCDB19C417290041B3F7 /* Products */ = {
			isa = PBXGroup;
			children = (
				FDA0DCDA19C417290041B3F7 /* presentimote.app */,
				FDA0DCF319C417290041B3F7 /* presentimoteTests.xctest */,
			);
			name = Products;
			sourceTree = "<group>";
		};
		FDA0DCDC19C417290041B3F7 /* presentimote */ = {
			isa = PBXGroup;
			children = (
				FDA0DCE119C417290041B3F7 /* AppDelegate.h */,
				FDA0DCE219C417290041B3F7 /* AppDelegate.m */,
				1EBB4E5619C4529600525E10 /* OrientationSolver.h */,
				1EBB4E5719C4529600525E10 /* OrientationSolver.m */,
				1EA6996F19C5556700211613 /* ARView.h */,
				1EA6997019C5556700211613 /* ARView.m */,
				FDC549F419C43AF1009A7E11 /* conversion.h */,
				FDC549F519C43AF1009A7E11 /* conversion.m */,
				FDC549EE19C42F86009A7E11 /* View Controller */,
				FDC549ED19C42F7E009A7E11 /* Views */,
				FDA0DCE719C417290041B3F7 /* Main.storyboard */,
				FDA0DCEA19C417290041B3F7 /* Images.xcassets */,
				FDA0DCEC19C417290041B3F7 /* LaunchScreen.xib */,
				FD26E69719C4A2D100844C28 /* global_header.h */,
				FDA0DCDD19C417290041B3F7 /* Supporting Files */,
			);
			path = presentimote;
			sourceTree = "<group>";
		};
		FDA0DCDD19C417290041B3F7 /* Supporting Files */ = {
			isa = PBXGroup;
			children = (
				FDA0DCDE19C417290041B3F7 /* Info.plist */,
				FDA0DCDF19C417290041B3F7 /* main.m */,
			);
			name = "Supporting Files";
			sourceTree = "<group>";
		};
		FDA0DCF619C417290041B3F7 /* presentimoteTests */ = {
			isa = PBXGroup;
			children = (
				FDA0DCF919C4172A0041B3F7 /* presentimoteTests.m */,
				FDA0DCF719C4172A0041B3F7 /* Supporting Files */,
			);
			path = presentimoteTests;
			sourceTree = "<group>";
		};
		FDA0DCF719C4172A0041B3F7 /* Supporting Files */ = {
			isa = PBXGroup;
			children = (
				FDA0DCF819C4172A0041B3F7 /* Info.plist */,
			);
			name = "Supporting Files";
			sourceTree = "<group>";
		};
		FDC549ED19C42F7E009A7E11 /* Views */ = {
			isa = PBXGroup;
			children = (
				FDC549EA19C42F5D009A7E11 /* ScratchPadView.h */,
				FDC549EB19C42F5D009A7E11 /* ScratchPadView.m */,
				FDC549E719C42263009A7E11 /* ScratchPadLineView.h */,
				FDC549E819C42263009A7E11 /* ScratchPadLineView.m */,
			);
			name = Views;
			sourceTree = "<group>";
		};
		FDC549EE19C42F86009A7E11 /* View Controller */ = {
			isa = PBXGroup;
			children = (
				FD62AC6819C5503F00550721 /* EntranceViewController.h */,
				FD62AC6919C5503F00550721 /* EntranceViewController.m */,
				FDA0DCE419C417290041B3F7 /* BoardViewController.h */,
				FDA0DCE519C417290041B3F7 /* BoardViewController.m */,
			);
			name = "View Controller";
			sourceTree = "<group>";
		};
/* End PBXGroup section */

/* Begin PBXNativeTarget section */
		FDA0DCD919C417290041B3F7 /* presentimote */ = {
			isa = PBXNativeTarget;
			buildConfigurationList = FDA0DCFD19C4172A0041B3F7 /* Build configuration list for PBXNativeTarget "presentimote" */;
			buildPhases = (
				69E88A3B285E4ECC95B3DB9F /* Check Pods Manifest.lock */,
				FDA0DCD619C417290041B3F7 /* Sources */,
				FDA0DCD719C417290041B3F7 /* Frameworks */,
				FDA0DCD819C417290041B3F7 /* Resources */,
				BEA3610A8A8D4722BD804CF4 /* Copy Pods Resources */,
			);
			buildRules = (
			);
			dependencies = (
			);
			name = presentimote;
			productName = presentimote;
			productReference = FDA0DCDA19C417290041B3F7 /* presentimote.app */;
			productType = "com.apple.product-type.application";
		};
		FDA0DCF219C417290041B3F7 /* presentimoteTests */ = {
			isa = PBXNativeTarget;
			buildConfigurationList = FDA0DD0019C4172A0041B3F7 /* Build configuration list for PBXNativeTarget "presentimoteTests" */;
			buildPhases = (
				FDA0DCEF19C417290041B3F7 /* Sources */,
				FDA0DCF019C417290041B3F7 /* Frameworks */,
				FDA0DCF119C417290041B3F7 /* Resources */,
			);
			buildRules = (
			);
			dependencies = (
				FDA0DCF519C417290041B3F7 /* PBXTargetDependency */,
			);
			name = presentimoteTests;
			productName = presentimoteTests;
			productReference = FDA0DCF319C417290041B3F7 /* presentimoteTests.xctest */;
			productType = "com.apple.product-type.bundle.unit-test";
		};
/* End PBXNativeTarget section */

/* Begin PBXProject section */
		FDA0DCD219C417290041B3F7 /* Project object */ = {
			isa = PBXProject;
			attributes = {
				LastUpgradeCheck = 0600;
				ORGANIZATIONNAME = Downtyne;
				TargetAttributes = {
					FDA0DCD919C417290041B3F7 = {
						CreatedOnToolsVersion = 6.0;
					};
					FDA0DCF219C417290041B3F7 = {
						CreatedOnToolsVersion = 6.0;
						TestTargetID = FDA0DCD919C417290041B3F7;
					};
				};
			};
			buildConfigurationList = FDA0DCD519C417290041B3F7 /* Build configuration list for PBXProject "presentimote" */;
			compatibilityVersion = "Xcode 3.2";
			developmentRegion = English;
			hasScannedForEncodings = 0;
			knownRegions = (
				en,
				Base,
			);
			mainGroup = FDA0DCD119C417290041B3F7;
			productRefGroup = FDA0DCDB19C417290041B3F7 /* Products */;
			projectDirPath = "";
			projectRoot = "";
			targets = (
				FDA0DCD919C417290041B3F7 /* presentimote */,
				FDA0DCF219C417290041B3F7 /* presentimoteTests */,
			);
		};
/* End PBXProject section */

/* Begin PBXResourcesBuildPhase section */
		FDA0DCD819C417290041B3F7 /* Resources */ = {
			isa = PBXResourcesBuildPhase;
			buildActionMask = 2147483647;
			files = (
				FDA0DCE919C417290041B3F7 /* Main.storyboard in Resources */,
				FDA0DCEE19C417290041B3F7 /* LaunchScreen.xib in Resources */,
				FDA0DCEB19C417290041B3F7 /* Images.xcassets in Resources */,
			);
			runOnlyForDeploymentPostprocessing = 0;
		};
		FDA0DCF119C417290041B3F7 /* Resources */ = {
			isa = PBXResourcesBuildPhase;
			buildActionMask = 2147483647;
			files = (
			);
			runOnlyForDeploymentPostprocessing = 0;
		};
/* End PBXResourcesBuildPhase section */

/* Begin PBXShellScriptBuildPhase section */
		69E88A3B285E4ECC95B3DB9F /* Check Pods Manifest.lock */ = {
			isa = PBXShellScriptBuildPhase;
			buildActionMask = 2147483647;
			files = (
			);
			inputPaths = (
			);
			name = "Check Pods Manifest.lock";
			outputPaths = (
			);
			runOnlyForDeploymentPostprocessing = 0;
			shellPath = /bin/sh;
			shellScript = "diff \"${PODS_ROOT}/../Podfile.lock\" \"${PODS_ROOT}/Manifest.lock\" > /dev/null\nif [[ $? != 0 ]] ; then\n    cat << EOM\nerror: The sandbox is not in sync with the Podfile.lock. Run 'pod install' or update your CocoaPods installation.\nEOM\n    exit 1\nfi\n";
			showEnvVarsInLog = 0;
		};
		BEA3610A8A8D4722BD804CF4 /* Copy Pods Resources */ = {
			isa = PBXShellScriptBuildPhase;
			buildActionMask = 2147483647;
			files = (
			);
			inputPaths = (
			);
			name = "Copy Pods Resources";
			outputPaths = (
			);
			runOnlyForDeploymentPostprocessing = 0;
			shellPath = /bin/sh;
			shellScript = "\"${SRCROOT}/Pods/Pods-resources.sh\"\n";
			showEnvVarsInLog = 0;
		};
/* End PBXShellScriptBuildPhase section */

/* Begin PBXSourcesBuildPhase section */
		FDA0DCD619C417290041B3F7 /* Sources */ = {
			isa = PBXSourcesBuildPhase;
			buildActionMask = 2147483647;
			files = (
				FDC549EC19C42F5D009A7E11 /* ScratchPadView.m in Sources */,
				1EBB4E5819C4529600525E10 /* OrientationSolver.m in Sources */,
				1EA6997119C5556700211613 /* ARView.m in Sources */,
				FD62AC6A19C5503F00550721 /* EntranceViewController.m in Sources */,
				FDA0DCE619C417290041B3F7 /* BoardViewController.m in Sources */,
				FDA0DCE319C417290041B3F7 /* AppDelegate.m in Sources */,
				FDC549F619C43AF1009A7E11 /* conversion.m in Sources */,
				FDA0DCE019C417290041B3F7 /* main.m in Sources */,
				FDC549E919C42263009A7E11 /* ScratchPadLineView.m in Sources */,
			);
			runOnlyForDeploymentPostprocessing = 0;
		};
		FDA0DCEF19C417290041B3F7 /* Sources */ = {
			isa = PBXSourcesBuildPhase;
			buildActionMask = 2147483647;
			files = (
				FDA0DCFA19C4172A0041B3F7 /* presentimoteTests.m in Sources */,
				1EBB4E5919C4529600525E10 /* OrientationSolver.m in Sources */,
				1EA6997219C5556700211613 /* ARView.m in Sources */,
			);
			runOnlyForDeploymentPostprocessing = 0;
		};
/* End PBXSourcesBuildPhase section */

/* Begin PBXTargetDependency section */
		FDA0DCF519C417290041B3F7 /* PBXTargetDependency */ = {
			isa = PBXTargetDependency;
			target = FDA0DCD919C417290041B3F7 /* presentimote */;
			targetProxy = FDA0DCF419C417290041B3F7 /* PBXContainerItemProxy */;
		};
/* End PBXTargetDependency section */

/* Begin PBXVariantGroup section */
		FDA0DCE719C417290041B3F7 /* Main.storyboard */ = {
			isa = PBXVariantGroup;
			children = (
				FDA0DCE819C417290041B3F7 /* Base */,
			);
			name = Main.storyboard;
			sourceTree = "<group>";
		};
		FDA0DCEC19C417290041B3F7 /* LaunchScreen.xib */ = {
			isa = PBXVariantGroup;
			children = (
				FDA0DCED19C417290041B3F7 /* Base */,
			);
			name = LaunchScreen.xib;
			sourceTree = "<group>";
		};
/* End PBXVariantGroup section */

/* Begin XCBuildConfiguration section */
		FDA0DCFB19C4172A0041B3F7 /* Debug */ = {
			isa = XCBuildConfiguration;
			buildSettings = {
				ALWAYS_SEARCH_USER_PATHS = NO;
				CLANG_CXX_LANGUAGE_STANDARD = "gnu++0x";
				CLANG_CXX_LIBRARY = "libc++";
				CLANG_ENABLE_MODULES = YES;
				CLANG_ENABLE_OBJC_ARC = YES;
				CLANG_WARN_BOOL_CONVERSION = YES;
				CLANG_WARN_CONSTANT_CONVERSION = YES;
				CLANG_WARN_DIRECT_OBJC_ISA_USAGE = YES_ERROR;
				CLANG_WARN_EMPTY_BODY = YES;
				CLANG_WARN_ENUM_CONVERSION = YES;
				CLANG_WARN_INT_CONVERSION = YES;
				CLANG_WARN_OBJC_ROOT_CLASS = YES_ERROR;
				CLANG_WARN_UNREACHABLE_CODE = YES;
				CLANG_WARN__DUPLICATE_METHOD_MATCH = YES;
				"CODE_SIGN_IDENTITY[sdk=iphoneos*]" = "iPhone Developer";
				COPY_PHASE_STRIP = NO;
				ENABLE_STRICT_OBJC_MSGSEND = YES;
				GCC_C_LANGUAGE_STANDARD = gnu99;
				GCC_DYNAMIC_NO_PIC = NO;
				GCC_OPTIMIZATION_LEVEL = 0;
				GCC_PREPROCESSOR_DEFINITIONS = (
					"DEBUG=1",
					"$(inherited)",
				);
				GCC_SYMBOLS_PRIVATE_EXTERN = NO;
				GCC_WARN_64_TO_32_BIT_CONVERSION = YES;
				GCC_WARN_ABOUT_RETURN_TYPE = YES_ERROR;
				GCC_WARN_UNDECLARED_SELECTOR = YES;
				GCC_WARN_UNINITIALIZED_AUTOS = YES_AGGRESSIVE;
				GCC_WARN_UNUSED_FUNCTION = YES;
				GCC_WARN_UNUSED_VARIABLE = YES;
				IPHONEOS_DEPLOYMENT_TARGET = 7.0;
				MTL_ENABLE_DEBUG_INFO = YES;
				ONLY_ACTIVE_ARCH = YES;
				SDKROOT = iphoneos;
			};
			name = Debug;
		};
		FDA0DCFC19C4172A0041B3F7 /* Release */ = {
			isa = XCBuildConfiguration;
			buildSettings = {
				ALWAYS_SEARCH_USER_PATHS = NO;
				CLANG_CXX_LANGUAGE_STANDARD = "gnu++0x";
				CLANG_CXX_LIBRARY = "libc++";
				CLANG_ENABLE_MODULES = YES;
				CLANG_ENABLE_OBJC_ARC = YES;
				CLANG_WARN_BOOL_CONVERSION = YES;
				CLANG_WARN_CONSTANT_CONVERSION = YES;
				CLANG_WARN_DIRECT_OBJC_ISA_USAGE = YES_ERROR;
				CLANG_WARN_EMPTY_BODY = YES;
				CLANG_WARN_ENUM_CONVERSION = YES;
				CLANG_WARN_INT_CONVERSION = YES;
				CLANG_WARN_OBJC_ROOT_CLASS = YES_ERROR;
				CLANG_WARN_UNREACHABLE_CODE = YES;
				CLANG_WARN__DUPLICATE_METHOD_MATCH = YES;
				"CODE_SIGN_IDENTITY[sdk=iphoneos*]" = "iPhone Developer";
				COPY_PHASE_STRIP = YES;
				ENABLE_NS_ASSERTIONS = NO;
				ENABLE_STRICT_OBJC_MSGSEND = YES;
				GCC_C_LANGUAGE_STANDARD = gnu99;
				GCC_WARN_64_TO_32_BIT_CONVERSION = YES;
				GCC_WARN_ABOUT_RETURN_TYPE = YES_ERROR;
				GCC_WARN_UNDECLARED_SELECTOR = YES;
				GCC_WARN_UNINITIALIZED_AUTOS = YES_AGGRESSIVE;
				GCC_WARN_UNUSED_FUNCTION = YES;
				GCC_WARN_UNUSED_VARIABLE = YES;
				IPHONEOS_DEPLOYMENT_TARGET = 7.0;
				MTL_ENABLE_DEBUG_INFO = NO;
				SDKROOT = iphoneos;
				VALIDATE_PRODUCT = YES;
			};
			name = Release;
		};
		FDA0DCFE19C4172A0041B3F7 /* Debug */ = {
			isa = XCBuildConfiguration;
			baseConfigurationReference = 686BF1F17B23469B9DBFD905 /* Pods.xcconfig */;
			buildSettings = {
				ASSETCATALOG_COMPILER_APPICON_NAME = AppIcon;
				ASSETCATALOG_COMPILER_LAUNCHIMAGE_NAME = LaunchImage;
				INFOPLIST_FILE = presentimote/Info.plist;
				IPHONEOS_DEPLOYMENT_TARGET = 7.0;
				LD_RUNPATH_SEARCH_PATHS = "$(inherited) @executable_path/Frameworks";
				PRODUCT_NAME = "$(TARGET_NAME)";
				TARGETED_DEVICE_FAMILY = "1,2";
			};
			name = Debug;
		};
		FDA0DCFF19C4172A0041B3F7 /* Release */ = {
			isa = XCBuildConfiguration;
			baseConfigurationReference = 686BF1F17B23469B9DBFD905 /* Pods.xcconfig */;
			buildSettings = {
				ASSETCATALOG_COMPILER_APPICON_NAME = AppIcon;
				ASSETCATALOG_COMPILER_LAUNCHIMAGE_NAME = LaunchImage;
				INFOPLIST_FILE = presentimote/Info.plist;
				IPHONEOS_DEPLOYMENT_TARGET = 7.0;
				LD_RUNPATH_SEARCH_PATHS = "$(inherited) @executable_path/Frameworks";
				PRODUCT_NAME = "$(TARGET_NAME)";
				TARGETED_DEVICE_FAMILY = "1,2";
			};
			name = Release;
		};
		FDA0DD0119C4172A0041B3F7 /* Debug */ = {
			isa = XCBuildConfiguration;
			buildSettings = {
				BUNDLE_LOADER = "$(TEST_HOST)";
				FRAMEWORK_SEARCH_PATHS = (
					"$(SDKROOT)/Developer/Library/Frameworks",
					"$(inherited)",
				);
				GCC_PREPROCESSOR_DEFINITIONS = (
					"DEBUG=1",
					"$(inherited)",
				);
				INFOPLIST_FILE = presentimoteTests/Info.plist;
				LD_RUNPATH_SEARCH_PATHS = "$(inherited) @executable_path/Frameworks @loader_path/Frameworks";
				PRODUCT_NAME = "$(TARGET_NAME)";
				TEST_HOST = "$(BUILT_PRODUCTS_DIR)/presentimote.app/presentimote";
			};
			name = Debug;
		};
		FDA0DD0219C4172A0041B3F7 /* Release */ = {
			isa = XCBuildConfiguration;
			buildSettings = {
				BUNDLE_LOADER = "$(TEST_HOST)";
				FRAMEWORK_SEARCH_PATHS = (
					"$(SDKROOT)/Developer/Library/Frameworks",
					"$(inherited)",
				);
				INFOPLIST_FILE = presentimoteTests/Info.plist;
				LD_RUNPATH_SEARCH_PATHS = "$(inherited) @executable_path/Frameworks @loader_path/Frameworks";
				PRODUCT_NAME = "$(TARGET_NAME)";
				TEST_HOST = "$(BUILT_PRODUCTS_DIR)/presentimote.app/presentimote";
			};
			name = Release;
		};
/* End XCBuildConfiguration section */

/* Begin XCConfigurationList section */
		FDA0DCD519C417290041B3F7 /* Build configuration list for PBXProject "presentimote" */ = {
			isa = XCConfigurationList;
			buildConfigurations = (
				FDA0DCFB19C4172A0041B3F7 /* Debug */,
				FDA0DCFC19C4172A0041B3F7 /* Release */,
			);
			defaultConfigurationIsVisible = 0;
			defaultConfigurationName = Release;
		};
		FDA0DCFD19C4172A0041B3F7 /* Build configuration list for PBXNativeTarget "presentimote" */ = {
			isa = XCConfigurationList;
			buildConfigurations = (
				FDA0DCFE19C4172A0041B3F7 /* Debug */,
				FDA0DCFF19C4172A0041B3F7 /* Release */,
			);
			defaultConfigurationIsVisible = 0;
			defaultConfigurationName = Release;
		};
		FDA0DD0019C4172A0041B3F7 /* Build configuration list for PBXNativeTarget "presentimoteTests" */ = {
			isa = XCConfigurationList;
			buildConfigurations = (
				FDA0DD0119C4172A0041B3F7 /* Debug */,
				FDA0DD0219C4172A0041B3F7 /* Release */,
			);
			defaultConfigurationIsVisible = 0;
			defaultConfigurationName = Release;
		};
/* End XCConfigurationList section */
	};
	rootObject = FDA0DCD219C417290041B3F7 /* Project object */;
}
